// !$*UTF8*$!
{
	archiveVersion = 1;
	classes = {
	};
	objectVersion = 56;
	objects = {

/* Begin PBXBuildFile section */
		C6D5FF282CF4342100C22D2C /* CV_SnapNorishApp.swift in Sources */ = {isa = PBXBuildFile; fileRef = C6D5FF272CF4342100C22D2C /* CV_SnapNorishApp.swift */; };
		C6D5FF2A2CF4342100C22D2C /* ContentView.swift in Sources */ = {isa = PBXBuildFile; fileRef = C6D5FF292CF4342100C22D2C /* ContentView.swift */; };
		C6D5FF2C2CF4342200C22D2C /* Assets.xcassets in Resources */ = {isa = PBXBuildFile; fileRef = C6D5FF2B2CF4342200C22D2C /* Assets.xcassets */; };
		C6D5FF302CF4342200C22D2C /* Preview Assets.xcassets in Resources */ = {isa = PBXBuildFile; fileRef = C6D5FF2F2CF4342200C22D2C /* Preview Assets.xcassets */; };
		C6D5FF3A2CF4342200C22D2C /* CV_SnapNorishTests.swift in Sources */ = {isa = PBXBuildFile; fileRef = C6D5FF392CF4342200C22D2C /* CV_SnapNorishTests.swift */; };
		C6D5FF442CF4342200C22D2C /* CV_SnapNorishUITests.swift in Sources */ = {isa = PBXBuildFile; fileRef = C6D5FF432CF4342200C22D2C /* CV_SnapNorishUITests.swift */; };
		C6D5FF462CF4342200C22D2C /* CV_SnapNorishUITestsLaunchTests.swift in Sources */ = {isa = PBXBuildFile; fileRef = C6D5FF452CF4342200C22D2C /* CV_SnapNorishUITestsLaunchTests.swift */; };
/* End PBXBuildFile section */

/* Begin PBXContainerItemProxy section */
		C6D5FF362CF4342200C22D2C /* PBXContainerItemProxy */ = {
			isa = PBXContainerItemProxy;
			containerPortal = C6D5FF1C2CF4342100C22D2C /* Project object */;
			proxyType = 1;
			remoteGlobalIDString = C6D5FF232CF4342100C22D2C;
			remoteInfo = "CV-SnapNorish";
		};
		C6D5FF402CF4342200C22D2C /* PBXContainerItemProxy */ = {
			isa = PBXContainerItemProxy;
			containerPortal = C6D5FF1C2CF4342100C22D2C /* Project object */;
			proxyType = 1;
			remoteGlobalIDString = C6D5FF232CF4342100C22D2C;
			remoteInfo = "CV-SnapNorish";
		};
/* End PBXContainerItemProxy section */

/* Begin PBXFileReference section */
		C6D5FF242CF4342100C22D2C /* CV-SnapNorish.app */ = {isa = PBXFileReference; explicitFileType = wrapper.application; includeInIndex = 0; path = "CV-SnapNorish.app"; sourceTree = BUILT_PRODUCTS_DIR; };
		C6D5FF272CF4342100C22D2C /* CV_SnapNorishApp.swift */ = {isa = PBXFileReference; lastKnownFileType = sourcecode.swift; path = CV_SnapNorishApp.swift; sourceTree = "<group>"; };
		C6D5FF292CF4342100C22D2C /* ContentView.swift */ = {isa = PBXFileReference; lastKnownFileType = sourcecode.swift; path = ContentView.swift; sourceTree = "<group>"; };
		C6D5FF2B2CF4342200C22D2C /* Assets.xcassets */ = {isa = PBXFileReference; lastKnownFileType = folder.assetcatalog; path = Assets.xcassets; sourceTree = "<group>"; };
		C6D5FF2D2CF4342200C22D2C /* CV_SnapNorish.entitlements */ = {isa = PBXFileReference; lastKnownFileType = text.plist.entitlements; path = CV_SnapNorish.entitlements; sourceTree = "<group>"; };
		C6D5FF2F2CF4342200C22D2C /* Preview Assets.xcassets */ = {isa = PBXFileReference; lastKnownFileType = folder.assetcatalog; path = "Preview Assets.xcassets"; sourceTree = "<group>"; };
		C6D5FF352CF4342200C22D2C /* CV-SnapNorishTests.xctest */ = {isa = PBXFileReference; explicitFileType = wrapper.cfbundle; includeInIndex = 0; path = "CV-SnapNorishTests.xctest"; sourceTree = BUILT_PRODUCTS_DIR; };
		C6D5FF392CF4342200C22D2C /* CV_SnapNorishTests.swift */ = {isa = PBXFileReference; lastKnownFileType = sourcecode.swift; path = CV_SnapNorishTests.swift; sourceTree = "<group>"; };
		C6D5FF3F2CF4342200C22D2C /* CV-SnapNorishUITests.xctest */ = {isa = PBXFileReference; explicitFileType = wrapper.cfbundle; includeInIndex = 0; path = "CV-SnapNorishUITests.xctest"; sourceTree = BUILT_PRODUCTS_DIR; };
		C6D5FF432CF4342200C22D2C /* CV_SnapNorishUITests.swift */ = {isa = PBXFileReference; lastKnownFileType = sourcecode.swift; path = CV_SnapNorishUITests.swift; sourceTree = "<group>"; };
		C6D5FF452CF4342200C22D2C /* CV_SnapNorishUITestsLaunchTests.swift */ = {isa = PBXFileReference; lastKnownFileType = sourcecode.swift; path = CV_SnapNorishUITestsLaunchTests.swift; sourceTree = "<group>"; };
		C6D5FF522CF4343100C22D2C /* Info.plist */ = {isa = PBXFileReference; lastKnownFileType = text.plist; path = Info.plist; sourceTree = "<group>"; };
/* End PBXFileReference section */

/* Begin PBXFrameworksBuildPhase section */
		C6D5FF212CF4342100C22D2C /* Frameworks */ = {
			isa = PBXFrameworksBuildPhase;
			buildActionMask = 2147483647;
			files = (
			);
			runOnlyForDeploymentPostprocessing = 0;
		};
		C6D5FF322CF4342200C22D2C /* Frameworks */ = {
			isa = PBXFrameworksBuildPhase;
			buildActionMask = 2147483647;
			files = (
			);
			runOnlyForDeploymentPostprocessing = 0;
		};
		C6D5FF3C2CF4342200C22D2C /* Frameworks */ = {
			isa = PBXFrameworksBuildPhase;
			buildActionMask = 2147483647;
			files = (
			);
			runOnlyForDeploymentPostprocessing = 0;
		};
/* End PBXFrameworksBuildPhase section */

/* Begin PBXGroup section */
		C6D5FF1B2CF4342100C22D2C = {
			isa = PBXGroup;
			children = (
				C6D5FF262CF4342100C22D2C /* CV-SnapNorish */,
				C6D5FF382CF4342200C22D2C /* CV-SnapNorishTests */,
				C6D5FF422CF4342200C22D2C /* CV-SnapNorishUITests */,
				C6D5FF252CF4342100C22D2C /* Products */,
			);
			sourceTree = "<group>";
		};
		C6D5FF252CF4342100C22D2C /* Products */ = {
			isa = PBXGroup;
			children = (
				C6D5FF242CF4342100C22D2C /* CV-SnapNorish.app */,
				C6D5FF352CF4342200C22D2C /* CV-SnapNorishTests.xctest */,
				C6D5FF3F2CF4342200C22D2C /* CV-SnapNorishUITests.xctest */,
			);
			name = Products;
			sourceTree = "<group>";
		};
		C6D5FF262CF4342100C22D2C /* CV-SnapNorish */ = {
			isa = PBXGroup;
			children = (
				C6D5FF522CF4343100C22D2C /* Info.plist */,
				C6D5FF272CF4342100C22D2C /* CV_SnapNorishApp.swift */,
				C6D5FF292CF4342100C22D2C /* ContentView.swift */,
				C6D5FF2B2CF4342200C22D2C /* Assets.xcassets */,
				C6D5FF2D2CF4342200C22D2C /* CV_SnapNorish.entitlements */,
				C6D5FF2E2CF4342200C22D2C /* Preview Content */,
			);
			path = "CV-SnapNorish";
			sourceTree = "<group>";
		};
		C6D5FF2E2CF4342200C22D2C /* Preview Content */ = {
			isa = PBXGroup;
			children = (
				C6D5FF2F2CF4342200C22D2C /* Preview Assets.xcassets */,
			);
			path = "Preview Content";
			sourceTree = "<group>";
		};
		C6D5FF382CF4342200C22D2C /* CV-SnapNorishTests */ = {
			isa = PBXGroup;
			children = (
				C6D5FF392CF4342200C22D2C /* CV_SnapNorishTests.swift */,
			);
			path = "CV-SnapNorishTests";
			sourceTree = "<group>";
		};
		C6D5FF422CF4342200C22D2C /* CV-SnapNorishUITests */ = {
			isa = PBXGroup;
			children = (
				C6D5FF432CF4342200C22D2C /* CV_SnapNorishUITests.swift */,
				C6D5FF452CF4342200C22D2C /* CV_SnapNorishUITestsLaunchTests.swift */,
			);
			path = "CV-SnapNorishUITests";
			sourceTree = "<group>";
		};
/* End PBXGroup section */

/* Begin PBXNativeTarget section */
		C6D5FF232CF4342100C22D2C /* CV-SnapNorish */ = {
			isa = PBXNativeTarget;
			buildConfigurationList = C6D5FF492CF4342200C22D2C /* Build configuration list for PBXNativeTarget "CV-SnapNorish" */;
			buildPhases = (
				C6D5FF202CF4342100C22D2C /* Sources */,
				C6D5FF212CF4342100C22D2C /* Frameworks */,
				C6D5FF222CF4342100C22D2C /* Resources */,
			);
			buildRules = (
			);
			dependencies = (
			);
			name = "CV-SnapNorish";
			productName = "CV-SnapNorish";
			productReference = C6D5FF242CF4342100C22D2C /* CV-SnapNorish.app */;
			productType = "com.apple.product-type.application";
		};
		C6D5FF342CF4342200C22D2C /* CV-SnapNorishTests */ = {
			isa = PBXNativeTarget;
			buildConfigurationList = C6D5FF4C2CF4342200C22D2C /* Build configuration list for PBXNativeTarget "CV-SnapNorishTests" */;
			buildPhases = (
				C6D5FF312CF4342200C22D2C /* Sources */,
				C6D5FF322CF4342200C22D2C /* Frameworks */,
				C6D5FF332CF4342200C22D2C /* Resources */,
			);
			buildRules = (
			);
			dependencies = (
				C6D5FF372CF4342200C22D2C /* PBXTargetDependency */,
			);
			name = "CV-SnapNorishTests";
			productName = "CV-SnapNorishTests";
			productReference = C6D5FF352CF4342200C22D2C /* CV-SnapNorishTests.xctest */;
			productType = "com.apple.product-type.bundle.unit-test";
		};
		C6D5FF3E2CF4342200C22D2C /* CV-SnapNorishUITests */ = {
			isa = PBXNativeTarget;
			buildConfigurationList = C6D5FF4F2CF4342200C22D2C /* Build configuration list for PBXNativeTarget "CV-SnapNorishUITests" */;
			buildPhases = (
				C6D5FF3B2CF4342200C22D2C /* Sources */,
				C6D5FF3C2CF4342200C22D2C /* Frameworks */,
				C6D5FF3D2CF4342200C22D2C /* Resources */,
			);
			buildRules = (
			);
			dependencies = (
				C6D5FF412CF4342200C22D2C /* PBXTargetDependency */,
			);
			name = "CV-SnapNorishUITests";
			productName = "CV-SnapNorishUITests";
			productReference = C6D5FF3F2CF4342200C22D2C /* CV-SnapNorishUITests.xctest */;
			productType = "com.apple.product-type.bundle.ui-testing";
		};
/* End PBXNativeTarget section */

/* Begin PBXProject section */
		C6D5FF1C2CF4342100C22D2C /* Project object */ = {
			isa = PBXProject;
			attributes = {
				BuildIndependentTargetsInParallel = 1;
				LastSwiftUpdateCheck = 1540;
				LastUpgradeCheck = 1540;
				TargetAttributes = {
					C6D5FF232CF4342100C22D2C = {
						CreatedOnToolsVersion = 15.4;
					};
					C6D5FF342CF4342200C22D2C = {
						CreatedOnToolsVersion = 15.4;
						TestTargetID = C6D5FF232CF4342100C22D2C;
					};
					C6D5FF3E2CF4342200C22D2C = {
						CreatedOnToolsVersion = 15.4;
						TestTargetID = C6D5FF232CF4342100C22D2C;
					};
				};
			};
			buildConfigurationList = C6D5FF1F2CF4342100C22D2C /* Build configuration list for PBXProject "CV-SnapNorish" */;
			compatibilityVersion = "Xcode 14.0";
			developmentRegion = en;
			hasScannedForEncodings = 0;
			knownRegions = (
				en,
				Base,
			);
			mainGroup = C6D5FF1B2CF4342100C22D2C;
			productRefGroup = C6D5FF252CF4342100C22D2C /* Products */;
			projectDirPath = "";
			projectRoot = "";
			targets = (
				C6D5FF232CF4342100C22D2C /* CV-SnapNorish */,
				C6D5FF342CF4342200C22D2C /* CV-SnapNorishTests */,
				C6D5FF3E2CF4342200C22D2C /* CV-SnapNorishUITests */,
			);
		};
/* End PBXProject section */

/* Begin PBXResourcesBuildPhase section */
		C6D5FF222CF4342100C22D2C /* Resources */ = {
			isa = PBXResourcesBuildPhase;
			buildActionMask = 2147483647;
			files = (
				C6D5FF302CF4342200C22D2C /* Preview Assets.xcassets in Resources */,
				C6D5FF2C2CF4342200C22D2C /* Assets.xcassets in Resources */,
			);
			runOnlyForDeploymentPostprocessing = 0;
		};
		C6D5FF332CF4342200C22D2C /* Resources */ = {
			isa = PBXResourcesBuildPhase;
			buildActionMask = 2147483647;
			files = (
			);
			runOnlyForDeploymentPostprocessing = 0;
		};
		C6D5FF3D2CF4342200C22D2C /* Resources */ = {
			isa = PBXResourcesBuildPhase;
			buildActionMask = 2147483647;
			files = (
			);
			runOnlyForDeploymentPostprocessing = 0;
		};
/* End PBXResourcesBuildPhase section */

/* Begin PBXSourcesBuildPhase section */
		C6D5FF202CF4342100C22D2C /* Sources */ = {
			isa = PBXSourcesBuildPhase;
			buildActionMask = 2147483647;
			files = (
				C6D5FF2A2CF4342100C22D2C /* ContentView.swift in Sources */,
				C6D5FF282CF4342100C22D2C /* CV_SnapNorishApp.swift in Sources */,
			);
			runOnlyForDeploymentPostprocessing = 0;
		};
		C6D5FF312CF4342200C22D2C /* Sources */ = {
			isa = PBXSourcesBuildPhase;
			buildActionMask = 2147483647;
			files = (
				C6D5FF3A2CF4342200C22D2C /* CV_SnapNorishTests.swift in Sources */,
			);
			runOnlyForDeploymentPostprocessing = 0;
		};
		C6D5FF3B2CF4342200C22D2C /* Sources */ = {
			isa = PBXSourcesBuildPhase;
			buildActionMask = 2147483647;
			files = (
				C6D5FF462CF4342200C22D2C /* CV_SnapNorishUITestsLaunchTests.swift in Sources */,
				C6D5FF442CF4342200C22D2C /* CV_SnapNorishUITests.swift in Sources */,
			);
			runOnlyForDeploymentPostprocessing = 0;
		};
/* End PBXSourcesBuildPhase section */

/* Begin PBXTargetDependency section */
		C6D5FF372CF4342200C22D2C /* PBXTargetDependency */ = {
			isa = PBXTargetDependency;
			target = C6D5FF232CF4342100C22D2C /* CV-SnapNorish */;
			targetProxy = C6D5FF362CF4342200C22D2C /* PBXContainerItemProxy */;
		};
		C6D5FF412CF4342200C22D2C /* PBXTargetDependency */ = {
			isa = PBXTargetDependency;
			target = C6D5FF232CF4342100C22D2C /* CV-SnapNorish */;
			targetProxy = C6D5FF402CF4342200C22D2C /* PBXContainerItemProxy */;
		};
/* End PBXTargetDependency section */

/* Begin XCBuildConfiguration section */
		C6D5FF472CF4342200C22D2C /* Debug */ = {
			isa = XCBuildConfiguration;
			buildSettings = {
				ALWAYS_SEARCH_USER_PATHS = NO;
				ASSETCATALOG_COMPILER_GENERATE_SWIFT_ASSET_SYMBOL_EXTENSIONS = YES;
				CLANG_ANALYZER_NONNULL = YES;
				CLANG_ANALYZER_NUMBER_OBJECT_CONVERSION = YES_AGGRESSIVE;
				CLANG_CXX_LANGUAGE_STANDARD = "gnu++20";
				CLANG_ENABLE_MODULES = YES;
				CLANG_ENABLE_OBJC_ARC = YES;
				CLANG_ENABLE_OBJC_WEAK = YES;
				CLANG_WARN_BLOCK_CAPTURE_AUTORELEASING = YES;
				CLANG_WARN_BOOL_CONVERSION = YES;
				CLANG_WARN_COMMA = YES;
				CLANG_WARN_CONSTANT_CONVERSION = YES;
				CLANG_WARN_DEPRECATED_OBJC_IMPLEMENTATIONS = YES;
				CLANG_WARN_DIRECT_OBJC_ISA_USAGE = YES_ERROR;
				CLANG_WARN_DOCUMENTATION_COMMENTS = YES;
				CLANG_WARN_EMPTY_BODY = YES;
				CLANG_WARN_ENUM_CONVERSION = YES;
				CLANG_WARN_INFINITE_RECURSION = YES;
				CLANG_WARN_INT_CONVERSION = YES;
				CLANG_WARN_NON_LITERAL_NULL_CONVERSION = YES;
				CLANG_WARN_OBJC_IMPLICIT_RETAIN_SELF = YES;
				CLANG_WARN_OBJC_LITERAL_CONVERSION = YES;
				CLANG_WARN_OBJC_ROOT_CLASS = YES_ERROR;
				CLANG_WARN_QUOTED_INCLUDE_IN_FRAMEWORK_HEADER = YES;
				CLANG_WARN_RANGE_LOOP_ANALYSIS = YES;
				CLANG_WARN_STRICT_PROTOTYPES = YES;
				CLANG_WARN_SUSPICIOUS_MOVE = YES;
				CLANG_WARN_UNGUARDED_AVAILABILITY = YES_AGGRESSIVE;
				CLANG_WARN_UNREACHABLE_CODE = YES;
				CLANG_WARN__DUPLICATE_METHOD_MATCH = YES;
				COPY_PHASE_STRIP = NO;
				DEBUG_INFORMATION_FORMAT = dwarf;
				ENABLE_STRICT_OBJC_MSGSEND = YES;
				ENABLE_TESTABILITY = YES;
				ENABLE_USER_SCRIPT_SANDBOXING = YES;
				GCC_C_LANGUAGE_STANDARD = gnu17;
				GCC_DYNAMIC_NO_PIC = NO;
				GCC_NO_COMMON_BLOCKS = YES;
				GCC_OPTIMIZATION_LEVEL = 0;
				GCC_PREPROCESSOR_DEFINITIONS = (
					"DEBUG=1",
					"$(inherited)",
				);
				GCC_WARN_64_TO_32_BIT_CONVERSION = YES;
				GCC_WARN_ABOUT_RETURN_TYPE = YES_ERROR;
				GCC_WARN_UNDECLARED_SELECTOR = YES;
				GCC_WARN_UNINITIALIZED_AUTOS = YES_AGGRESSIVE;
				GCC_WARN_UNUSED_FUNCTION = YES;
				GCC_WARN_UNUSED_VARIABLE = YES;
				LOCALIZATION_PREFERS_STRING_CATALOGS = YES;
				MTL_ENABLE_DEBUG_INFO = INCLUDE_SOURCE;
				MTL_FAST_MATH = YES;
				ONLY_ACTIVE_ARCH = YES;
				SWIFT_ACTIVE_COMPILATION_CONDITIONS = "DEBUG $(inherited)";
				SWIFT_OPTIMIZATION_LEVEL = "-Onone";
			};
			name = Debug;
		};
		C6D5FF482CF4342200C22D2C /* Release */ = {
			isa = XCBuildConfiguration;
			buildSettings = {
				ALWAYS_SEARCH_USER_PATHS = NO;
				ASSETCATALOG_COMPILER_GENERATE_SWIFT_ASSET_SYMBOL_EXTENSIONS = YES;
				CLANG_ANALYZER_NONNULL = YES;
				CLANG_ANALYZER_NUMBER_OBJECT_CONVERSION = YES_AGGRESSIVE;
				CLANG_CXX_LANGUAGE_STANDARD = "gnu++20";
				CLANG_ENABLE_MODULES = YES;
				CLANG_ENABLE_OBJC_ARC = YES;
				CLANG_ENABLE_OBJC_WEAK = YES;
				CLANG_WARN_BLOCK_CAPTURE_AUTORELEASING = YES;
				CLANG_WARN_BOOL_CONVERSION = YES;
				CLANG_WARN_COMMA = YES;
				CLANG_WARN_CONSTANT_CONVERSION = YES;
				CLANG_WARN_DEPRECATED_OBJC_IMPLEMENTATIONS = YES;
				CLANG_WARN_DIRECT_OBJC_ISA_USAGE = YES_ERROR;
				CLANG_WARN_DOCUMENTATION_COMMENTS = YES;
				CLANG_WARN_EMPTY_BODY = YES;
				CLANG_WARN_ENUM_CONVERSION = YES;
				CLANG_WARN_INFINITE_RECURSION = YES;
				CLANG_WARN_INT_CONVERSION = YES;
				CLANG_WARN_NON_LITERAL_NULL_CONVERSION = YES;
				CLANG_WARN_OBJC_IMPLICIT_RETAIN_SELF = YES;
				CLANG_WARN_OBJC_LITERAL_CONVERSION = YES;
				CLANG_WARN_OBJC_ROOT_CLASS = YES_ERROR;
				CLANG_WARN_QUOTED_INCLUDE_IN_FRAMEWORK_HEADER = YES;
				CLANG_WARN_RANGE_LOOP_ANALYSIS = YES;
				CLANG_WARN_STRICT_PROTOTYPES = YES;
				CLANG_WARN_SUSPICIOUS_MOVE = YES;
				CLANG_WARN_UNGUARDED_AVAILABILITY = YES_AGGRESSIVE;
				CLANG_WARN_UNREACHABLE_CODE = YES;
				CLANG_WARN__DUPLICATE_METHOD_MATCH = YES;
				COPY_PHASE_STRIP = NO;
				DEBUG_INFORMATION_FORMAT = "dwarf-with-dsym";
				ENABLE_NS_ASSERTIONS = NO;
				ENABLE_STRICT_OBJC_MSGSEND = YES;
				ENABLE_USER_SCRIPT_SANDBOXING = YES;
				GCC_C_LANGUAGE_STANDARD = gnu17;
				GCC_NO_COMMON_BLOCKS = YES;
				GCC_WARN_64_TO_32_BIT_CONVERSION = YES;
				GCC_WARN_ABOUT_RETURN_TYPE = YES_ERROR;
				GCC_WARN_UNDECLARED_SELECTOR = YES;
				GCC_WARN_UNINITIALIZED_AUTOS = YES_AGGRESSIVE;
				GCC_WARN_UNUSED_FUNCTION = YES;
				GCC_WARN_UNUSED_VARIABLE = YES;
				LOCALIZATION_PREFERS_STRING_CATALOGS = YES;
				MTL_ENABLE_DEBUG_INFO = NO;
				MTL_FAST_MATH = YES;
				SWIFT_COMPILATION_MODE = wholemodule;
			};
			name = Release;
		};
		C6D5FF4A2CF4342200C22D2C /* Debug */ = {
			isa = XCBuildConfiguration;
			buildSettings = {
				ASSETCATALOG_COMPILER_APPICON_NAME = AppIcon;
				ASSETCATALOG_COMPILER_GLOBAL_ACCENT_COLOR_NAME = AccentColor;
				CODE_SIGN_ENTITLEMENTS = "CV-SnapNorish/CV_SnapNorish.entitlements";
				CODE_SIGN_STYLE = Automatic;
				CURRENT_PROJECT_VERSION = 1;
				DEVELOPMENT_ASSET_PATHS = "\"CV-SnapNorish/Preview Content\"";
				DEVELOPMENT_TEAM = T4FU29WUNB;
				ENABLE_HARDENED_RUNTIME = YES;
				ENABLE_PREVIEWS = YES;
				GENERATE_INFOPLIST_FILE = YES;
				INFOPLIST_FILE = "CV-SnapNorish/Info.plist";
				"INFOPLIST_KEY_UIApplicationSceneManifest_Generation[sdk=iphoneos*]" = YES;
				"INFOPLIST_KEY_UIApplicationSceneManifest_Generation[sdk=iphonesimulator*]" = YES;
				"INFOPLIST_KEY_UIApplicationSupportsIndirectInputEvents[sdk=iphoneos*]" = YES;
				"INFOPLIST_KEY_UIApplicationSupportsIndirectInputEvents[sdk=iphonesimulator*]" = YES;
				"INFOPLIST_KEY_UILaunchScreen_Generation[sdk=iphoneos*]" = YES;
				"INFOPLIST_KEY_UILaunchScreen_Generation[sdk=iphonesimulator*]" = YES;
				"INFOPLIST_KEY_UIStatusBarStyle[sdk=iphoneos*]" = UIStatusBarStyleDefault;
				"INFOPLIST_KEY_UIStatusBarStyle[sdk=iphonesimulator*]" = UIStatusBarStyleDefault;
				INFOPLIST_KEY_UISupportedInterfaceOrientations_iPad = "UIInterfaceOrientationPortrait UIInterfaceOrientationPortraitUpsideDown UIInterfaceOrientationLandscapeLeft UIInterfaceOrientationLandscapeRight";
				INFOPLIST_KEY_UISupportedInterfaceOrientations_iPhone = "UIInterfaceOrientationPortrait UIInterfaceOrientationLandscapeLeft UIInterfaceOrientationLandscapeRight";
				IPHONEOS_DEPLOYMENT_TARGET = 17.5;
				LD_RUNPATH_SEARCH_PATHS = "@executable_path/Frameworks";
				"LD_RUNPATH_SEARCH_PATHS[sdk=macosx*]" = "@executable_path/../Frameworks";
				MACOSX_DEPLOYMENT_TARGET = 14.4;
				MARKETING_VERSION = 1.0;
				PRODUCT_BUNDLE_IDENTIFIER = "DSAI-AIT.CV-SnapNorish";
				PRODUCT_NAME = "$(TARGET_NAME)";
				SDKROOT = auto;
				SUPPORTED_PLATFORMS = "iphoneos iphonesimulator macosx";
				SWIFT_EMIT_LOC_STRINGS = YES;
				SWIFT_VERSION = 5.0;
				TARGETED_DEVICE_FAMILY = "1,2";
			};
			name = Debug;
		};
		C6D5FF4B2CF4342200C22D2C /* Release */ = {
			isa = XCBuildConfiguration;
			buildSettings = {
				ASSETCATALOG_COMPILER_APPICON_NAME = AppIcon;
				ASSETCATALOG_COMPILER_GLOBAL_ACCENT_COLOR_NAME = AccentColor;
				CODE_SIGN_ENTITLEMENTS = "CV-SnapNorish/CV_SnapNorish.entitlements";
				CODE_SIGN_STYLE = Automatic;
				CURRENT_PROJECT_VERSION = 1;
				DEVELOPMENT_ASSET_PATHS = "\"CV-SnapNorish/Preview Content\"";
				DEVELOPMENT_TEAM = T4FU29WUNB;
				ENABLE_HARDENED_RUNTIME = YES;
				ENABLE_PREVIEWS = YES;
				GENERATE_INFOPLIST_FILE = YES;
				INFOPLIST_FILE = "CV-SnapNorish/Info.plist";
				"INFOPLIST_KEY_UIApplicationSceneManifest_Generation[sdk=iphoneos*]" = YES;
				"INFOPLIST_KEY_UIApplicationSceneManifest_Generation[sdk=iphonesimulator*]" = YES;
				"INFOPLIST_KEY_UIApplicationSupportsIndirectInputEvents[sdk=iphoneos*]" = YES;
				"INFOPLIST_KEY_UIApplicationSupportsIndirectInputEvents[sdk=iphonesimulator*]" = YES;
				"INFOPLIST_KEY_UILaunchScreen_Generation[sdk=iphoneos*]" = YES;
				"INFOPLIST_KEY_UILaunchScreen_Generation[sdk=iphonesimulator*]" = YES;
				"INFOPLIST_KEY_UIStatusBarStyle[sdk=iphoneos*]" = UIStatusBarStyleDefault;
				"INFOPLIST_KEY_UIStatusBarStyle[sdk=iphonesimulator*]" = UIStatusBarStyleDefault;
				INFOPLIST_KEY_UISupportedInterfaceOrientations_iPad = "UIInterfaceOrientationPortrait UIInterfaceOrientationPortraitUpsideDown UIInterfaceOrientationLandscapeLeft UIInterfaceOrientationLandscapeRight";
				INFOPLIST_KEY_UISupportedInterfaceOrientations_iPhone = "UIInterfaceOrientationPortrait UIInterfaceOrientationLandscapeLeft UIInterfaceOrientationLandscapeRight";
				IPHONEOS_DEPLOYMENT_TARGET = 17.5;
				LD_RUNPATH_SEARCH_PATHS = "@executable_path/Frameworks";
				"LD_RUNPATH_SEARCH_PATHS[sdk=macosx*]" = "@executable_path/../Frameworks";
				MACOSX_DEPLOYMENT_TARGET = 14.4;
				MARKETING_VERSION = 1.0;
				PRODUCT_BUNDLE_IDENTIFIER = "DSAI-AIT.CV-SnapNorish";
				PRODUCT_NAME = "$(TARGET_NAME)";
				SDKROOT = auto;
				SUPPORTED_PLATFORMS = "iphoneos iphonesimulator macosx";
				SWIFT_EMIT_LOC_STRINGS = YES;
				SWIFT_VERSION = 5.0;
				TARGETED_DEVICE_FAMILY = "1,2";
			};
			name = Release;
		};
		C6D5FF4D2CF4342200C22D2C /* Debug */ = {
			isa = XCBuildConfiguration;
			buildSettings = {
				ALWAYS_EMBED_SWIFT_STANDARD_LIBRARIES = YES;
				BUNDLE_LOADER = "$(TEST_HOST)";
				CODE_SIGN_STYLE = Automatic;
				CURRENT_PROJECT_VERSION = 1;
				DEVELOPMENT_TEAM = T4FU29WUNB;
				GENERATE_INFOPLIST_FILE = YES;
				IPHONEOS_DEPLOYMENT_TARGET = 17.5;
				MACOSX_DEPLOYMENT_TARGET = 14.4;
				MARKETING_VERSION = 1.0;
				PRODUCT_BUNDLE_IDENTIFIER = "DSAI-AIT.CV-SnapNorishTests";
				PRODUCT_NAME = "$(TARGET_NAME)";
				SDKROOT = auto;
				SUPPORTED_PLATFORMS = "iphoneos iphonesimulator macosx";
				SWIFT_EMIT_LOC_STRINGS = NO;
				SWIFT_VERSION = 5.0;
				TARGETED_DEVICE_FAMILY = "1,2";
				TEST_HOST = "$(BUILT_PRODUCTS_DIR)/CV-SnapNorish.app/$(BUNDLE_EXECUTABLE_FOLDER_PATH)/CV-SnapNorish";
			};
			name = Debug;
		};
		C6D5FF4E2CF4342200C22D2C /* Release */ = {
			isa = XCBuildConfiguration;
			buildSettings = {
				ALWAYS_EMBED_SWIFT_STANDARD_LIBRARIES = YES;
				BUNDLE_LOADER = "$(TEST_HOST)";
				CODE_SIGN_STYLE = Automatic;
				CURRENT_PROJECT_VERSION = 1;
				DEVELOPMENT_TEAM = T4FU29WUNB;
				GENERATE_INFOPLIST_FILE = YES;
				IPHONEOS_DEPLOYMENT_TARGET = 17.5;
				MACOSX_DEPLOYMENT_TARGET = 14.4;
				MARKETING_VERSION = 1.0;
				PRODUCT_BUNDLE_IDENTIFIER = "DSAI-AIT.CV-SnapNorishTests";
				PRODUCT_NAME = "$(TARGET_NAME)";
				SDKROOT = auto;
				SUPPORTED_PLATFORMS = "iphoneos iphonesimulator macosx";
				SWIFT_EMIT_LOC_STRINGS = NO;
				SWIFT_VERSION = 5.0;
				TARGETED_DEVICE_FAMILY = "1,2";
				TEST_HOST = "$(BUILT_PRODUCTS_DIR)/CV-SnapNorish.app/$(BUNDLE_EXECUTABLE_FOLDER_PATH)/CV-SnapNorish";
			};
			name = Release;
		};
		C6D5FF502CF4342200C22D2C /* Debug */ = {
			isa = XCBuildConfiguration;
			buildSettings = {
				ALWAYS_EMBED_SWIFT_STANDARD_LIBRARIES = YES;
				CODE_SIGN_STYLE = Automatic;
				CURRENT_PROJECT_VERSION = 1;
				DEVELOPMENT_TEAM = T4FU29WUNB;
				GENERATE_INFOPLIST_FILE = YES;
				IPHONEOS_DEPLOYMENT_TARGET = 17.5;
				MACOSX_DEPLOYMENT_TARGET = 14.4;
				MARKETING_VERSION = 1.0;
				PRODUCT_BUNDLE_IDENTIFIER = "DSAI-AIT.CV-SnapNorishUITests";
				PRODUCT_NAME = "$(TARGET_NAME)";
				SDKROOT = auto;
				SUPPORTED_PLATFORMS = "iphoneos iphonesimulator macosx";
				SWIFT_EMIT_LOC_STRINGS = NO;
				SWIFT_VERSION = 5.0;
				TARGETED_DEVICE_FAMILY = "1,2";
				TEST_TARGET_NAME = "CV-SnapNorish";
			};
			name = Debug;
		};
		C6D5FF512CF4342200C22D2C /* Release */ = {
			isa = XCBuildConfiguration;
			buildSettings = {
				ALWAYS_EMBED_SWIFT_STANDARD_LIBRARIES = YES;
				CODE_SIGN_STYLE = Automatic;
				CURRENT_PROJECT_VERSION = 1;
				DEVELOPMENT_TEAM = T4FU29WUNB;
				GENERATE_INFOPLIST_FILE = YES;
				IPHONEOS_DEPLOYMENT_TARGET = 17.5;
				MACOSX_DEPLOYMENT_TARGET = 14.4;
				MARKETING_VERSION = 1.0;
				PRODUCT_BUNDLE_IDENTIFIER = "DSAI-AIT.CV-SnapNorishUITests";
				PRODUCT_NAME = "$(TARGET_NAME)";
				SDKROOT = auto;
				SUPPORTED_PLATFORMS = "iphoneos iphonesimulator macosx";
				SWIFT_EMIT_LOC_STRINGS = NO;
				SWIFT_VERSION = 5.0;
				TARGETED_DEVICE_FAMILY = "1,2";
				TEST_TARGET_NAME = "CV-SnapNorish";
			};
			name = Release;
		};
/* End XCBuildConfiguration section */

/* Begin XCConfigurationList section */
		C6D5FF1F2CF4342100C22D2C /* Build configuration list for PBXProject "CV-SnapNorish" */ = {
			isa = XCConfigurationList;
			buildConfigurations = (
				C6D5FF472CF4342200C22D2C /* Debug */,
				C6D5FF482CF4342200C22D2C /* Release */,
			);
			defaultConfigurationIsVisible = 0;
			defaultConfigurationName = Release;
		};
		C6D5FF492CF4342200C22D2C /* Build configuration list for PBXNativeTarget "CV-SnapNorish" */ = {
			isa = XCConfigurationList;
			buildConfigurations = (
				C6D5FF4A2CF4342200C22D2C /* Debug */,
				C6D5FF4B2CF4342200C22D2C /* Release */,
			);
			defaultConfigurationIsVisible = 0;
			defaultConfigurationName = Release;
		};
		C6D5FF4C2CF4342200C22D2C /* Build configuration list for PBXNativeTarget "CV-SnapNorishTests" */ = {
			isa = XCConfigurationList;
			buildConfigurations = (
				C6D5FF4D2CF4342200C22D2C /* Debug */,
				C6D5FF4E2CF4342200C22D2C /* Release */,
			);
			defaultConfigurationIsVisible = 0;
			defaultConfigurationName = Release;
		};
		C6D5FF4F2CF4342200C22D2C /* Build configuration list for PBXNativeTarget "CV-SnapNorishUITests" */ = {
			isa = XCConfigurationList;
			buildConfigurations = (
				C6D5FF502CF4342200C22D2C /* Debug */,
				C6D5FF512CF4342200C22D2C /* Release */,
			);
			defaultConfigurationIsVisible = 0;
			defaultConfigurationName = Release;
		};
/* End XCConfigurationList section */
	};
	rootObject = C6D5FF1C2CF4342100C22D2C /* Project object */;
}
